
Microsoft Visual Studio Solution File, Format Version 12.00
# Visual Studio Version 17
VisualStudioVersion = 17.8.34330.188
MinimumVisualStudioVersion = 10.0.40219.1
Project("{8BC9CEB8-8B4A-11D0-8D11-00A0C91BC942}") = "Laba3.2", "Laba3.2\Laba3.2.vcxproj", "{63414CA1-0902-45F0-B748-AE69D1077267}"
EndProject
Global
	GlobalSection(SolutionConfigurationPlatforms) = preSolution
		Debug|x64 = Debug|x64
		Debug|x86 = Debug|x86
		Release|x64 = Release|x64
		Release|x86 = Release|x86
	EndGlobalSection
	GlobalSection(ProjectConfigurationPlatforms) = postSolution
		{63414CA1-0902-45F0-B748-AE69D1077267}.Debug|x64.ActiveCfg = Debug|x64
		{63414CA1-0902-45F0-B748-AE69D1077267}.Debug|x64.Build.0 = Debug|x64
		{63414CA1-0902-45F0-B748-AE69D1077267}.Debug|x86.ActiveCfg = Debug|Win32
		{63414CA1-0902-45F0-B748-AE69D1077267}.Debug|x86.Build.0 = Debug|Win32
		{63414CA1-0902-45F0-B748-AE69D1077267}.Release|x64.ActiveCfg = Release|x64
		{63414CA1-0902-45F0-B748-AE69D1077267}.Release|x64.Build.0 = Release|x64
		{63414CA1-0902-45F0-B748-AE69D1077267}.Release|x86.ActiveCfg = Release|Win32
		{63414CA1-0902-45F0-B748-AE69D1077267}.Release|x86.Build.0 = Release|Win32
	EndGlobalSection
	GlobalSection(SolutionProperties) = preSolution
		HideSolutionNode = FALSE
	EndGlobalSection
	GlobalSection(ExtensibilityGlobals) = postSolution
		SolutionGuid = {4345E5A7-4F2F-4E79-A5D8-8B81D8F0EAE6}
	EndGlobalSection
EndGlobal
