
Microsoft Visual Studio Solution File, Format Version 12.00
# Visual Studio Version 17
VisualStudioVersion = 17.8.34330.188
MinimumVisualStudioVersion = 10.0.40219.1
Project("{8BC9CEB8-8B4A-11D0-8D11-00A0C91BC942}") = "Laba2_13", "Laba2_13\Laba2_13.vcxproj", "{F00D9896-A2BB-4FBE-AA45-577754F3C562}"
EndProject
Global
	GlobalSection(SolutionConfigurationPlatforms) = preSolution
		Debug|x64 = Debug|x64
		Debug|x86 = Debug|x86
		Release|x64 = Release|x64
		Release|x86 = Release|x86
	EndGlobalSection
	GlobalSection(ProjectConfigurationPlatforms) = postSolution
		{F00D9896-A2BB-4FBE-AA45-577754F3C562}.Debug|x64.ActiveCfg = Debug|x64
		{F00D9896-A2BB-4FBE-AA45-577754F3C562}.Debug|x64.Build.0 = Debug|x64
		{F00D9896-A2BB-4FBE-AA45-577754F3C562}.Debug|x86.ActiveCfg = Debug|Win32
		{F00D9896-A2BB-4FBE-AA45-577754F3C562}.Debug|x86.Build.0 = Debug|Win32
		{F00D9896-A2BB-4FBE-AA45-577754F3C562}.Release|x64.ActiveCfg = Release|x64
		{F00D9896-A2BB-4FBE-AA45-577754F3C562}.Release|x64.Build.0 = Release|x64
		{F00D9896-A2BB-4FBE-AA45-577754F3C562}.Release|x86.ActiveCfg = Release|Win32
		{F00D9896-A2BB-4FBE-AA45-577754F3C562}.Release|x86.Build.0 = Release|Win32
	EndGlobalSection
	GlobalSection(SolutionProperties) = preSolution
		HideSolutionNode = FALSE
	EndGlobalSection
	GlobalSection(ExtensibilityGlobals) = postSolution
		SolutionGuid = {AFD509B3-2985-41AF-9D8A-D389635F6F05}
	EndGlobalSection
EndGlobal
